// !$*UTF8*$!
{
	archiveVersion = 1;
	classes = {
	};
	objectVersion = 46;
	objects = {

/* Begin PBXBuildFile section */
		366010141C8B252C00B6E438 /* libEasyVideoRecorder.a in Frameworks */ = {isa = PBXBuildFile; fileRef = 366010131C8B252C00B6E438 /* libEasyVideoRecorder.a */; };
		366D6D2D1C89E85700D4D83B /* main.m in Sources */ = {isa = PBXBuildFile; fileRef = 366D6D2C1C89E85700D4D83B /* main.m */; };
		366D6D301C89E85700D4D83B /* AppDelegate.m in Sources */ = {isa = PBXBuildFile; fileRef = 366D6D2F1C89E85700D4D83B /* AppDelegate.m */; };
		366D6D331C89E85700D4D83B /* ViewController.m in Sources */ = {isa = PBXBuildFile; fileRef = 366D6D321C89E85700D4D83B /* ViewController.m */; };
		366D6D361C89E85700D4D83B /* Main.storyboard in Resources */ = {isa = PBXBuildFile; fileRef = 366D6D341C89E85700D4D83B /* Main.storyboard */; };
		366D6D381C89E85700D4D83B /* Assets.xcassets in Resources */ = {isa = PBXBuildFile; fileRef = 366D6D371C89E85700D4D83B /* Assets.xcassets */; };
		366D6D3B1C89E85700D4D83B /* LaunchScreen.storyboard in Resources */ = {isa = PBXBuildFile; fileRef = 366D6D391C89E85700D4D83B /* LaunchScreen.storyboard */; };
		366D6D661C89E92D00D4D83B /* OpenGLES.framework in Frameworks */ = {isa = PBXBuildFile; fileRef = 366D6D651C89E92D00D4D83B /* OpenGLES.framework */; };
		366D6D681C89E93300D4D83B /* CoreVideo.framework in Frameworks */ = {isa = PBXBuildFile; fileRef = 366D6D671C89E93300D4D83B /* CoreVideo.framework */; };
		366D6D6A1C89E93A00D4D83B /* MediaPlayer.framework in Frameworks */ = {isa = PBXBuildFile; fileRef = 366D6D691C89E93A00D4D83B /* MediaPlayer.framework */; };
		366D6D6C1C89E94300D4D83B /* CoreMedia.framework in Frameworks */ = {isa = PBXBuildFile; fileRef = 366D6D6B1C89E94300D4D83B /* CoreMedia.framework */; };
		366D6D6E1C89E94A00D4D83B /* QuartzCore.framework in Frameworks */ = {isa = PBXBuildFile; fileRef = 366D6D6D1C89E94A00D4D83B /* QuartzCore.framework */; };
		366D6D701C89E94F00D4D83B /* AVFoundation.framework in Frameworks */ = {isa = PBXBuildFile; fileRef = 366D6D6F1C89E94F00D4D83B /* AVFoundation.framework */; };
		366D6D721C89E96500D4D83B /* AssetsLibrary.framework in Frameworks */ = {isa = PBXBuildFile; fileRef = 366D6D711C89E96500D4D83B /* AssetsLibrary.framework */; };
		366D6D7A1C89EB4200D4D83B /* resource in Resources */ = {isa = PBXBuildFile; fileRef = 366D6D791C89EB4200D4D83B /* resource */; };
		366D6DD51C89EB5F00D4D83B /* btn_photomovie_next_normal@2x.png in Resources */ = {isa = PBXBuildFile; fileRef = 366D6D801C89EB5F00D4D83B /* btn_photomovie_next_normal@2x.png */; };
		366D6DD61C89EB5F00D4D83B /* btn_photomovie_next_presssed@2x.png in Resources */ = {isa = PBXBuildFile; fileRef = 366D6D811C89EB5F00D4D83B /* btn_photomovie_next_presssed@2x.png */; };
		366D6DD71C89EB5F00D4D83B /* contact_bg@2x.png in Resources */ = {isa = PBXBuildFile; fileRef = 366D6D821C89EB5F00D4D83B /* contact_bg@2x.png */; };
		366D6DD81C89EB5F00D4D83B /* disk_bg.jpg in Resources */ = {isa = PBXBuildFile; fileRef = 366D6D831C89EB5F00D4D83B /* disk_bg.jpg */; };
		366D6DD91C89EB5F00D4D83B /* g_btn_videoedit_tab_nor@2x.png in Resources */ = {isa = PBXBuildFile; fileRef = 366D6D841C89EB5F00D4D83B /* g_btn_videoedit_tab_nor@2x.png */; };
		366D6DDA1C89EB5F00D4D83B /* g_btn_videoedit_tab_press@2x.png in Resources */ = {isa = PBXBuildFile; fileRef = 366D6D851C89EB5F00D4D83B /* g_btn_videoedit_tab_press@2x.png */; };
		366D6DDB1C89EB5F00D4D83B /* g_tabbar_ic_video_down.png in Resources */ = {isa = PBXBuildFile; fileRef = 366D6D861C89EB5F00D4D83B /* g_tabbar_ic_video_down.png */; };
		366D6DDC1C89EB5F00D4D83B /* g_tabbar_ic_video_down@2x.png in Resources */ = {isa = PBXBuildFile; fileRef = 366D6D871C89EB5F00D4D83B /* g_tabbar_ic_video_down@2x.png */; };
		366D6DDD1C89EB5F00D4D83B /* g_tabbar_ic_video_nor.png in Resources */ = {isa = PBXBuildFile; fileRef = 366D6D881C89EB5F00D4D83B /* g_tabbar_ic_video_nor.png */; };
		366D6DDE1C89EB5F00D4D83B /* g_tabbar_ic_video_nor@2x.png in Resources */ = {isa = PBXBuildFile; fileRef = 366D6D891C89EB5F00D4D83B /* g_tabbar_ic_video_nor@2x.png */; };
		366D6DE01C89EB5F00D4D83B /* local_music_icon.png in Resources */ = {isa = PBXBuildFile; fileRef = 366D6D8B1C89EB5F00D4D83B /* local_music_icon.png */; };
		366D6DE21C89EB5F00D4D83B /* record_close_disable.png in Resources */ = {isa = PBXBuildFile; fileRef = 366D6D8D1C89EB5F00D4D83B /* record_close_disable.png */; };
		366D6DE31C89EB5F00D4D83B /* record_close_disable@2x.png in Resources */ = {isa = PBXBuildFile; fileRef = 366D6D8E1C89EB5F00D4D83B /* record_close_disable@2x.png */; };
		366D6DE41C89EB5F00D4D83B /* record_close_highlighted.png in Resources */ = {isa = PBXBuildFile; fileRef = 366D6D8F1C89EB5F00D4D83B /* record_close_highlighted.png */; };
		366D6DE51C89EB5F00D4D83B /* record_close_highlighted@2x.png in Resources */ = {isa = PBXBuildFile; fileRef = 366D6D901C89EB5F00D4D83B /* record_close_highlighted@2x.png */; };
		366D6DE61C89EB5F00D4D83B /* record_close_normal.png in Resources */ = {isa = PBXBuildFile; fileRef = 366D6D911C89EB5F00D4D83B /* record_close_normal.png */; };
		366D6DE71C89EB5F00D4D83B /* record_close_normal@2x.png in Resources */ = {isa = PBXBuildFile; fileRef = 366D6D921C89EB5F00D4D83B /* record_close_normal@2x.png */; };
		366D6DE81C89EB5F00D4D83B /* record_delete_disable.png in Resources */ = {isa = PBXBuildFile; fileRef = 366D6D931C89EB5F00D4D83B /* record_delete_disable.png */; };
		366D6DE91C89EB5F00D4D83B /* record_delete_disable@2x.png in Resources */ = {isa = PBXBuildFile; fileRef = 366D6D941C89EB5F00D4D83B /* record_delete_disable@2x.png */; };
		366D6DEA1C89EB5F00D4D83B /* record_delete_normal.png in Resources */ = {isa = PBXBuildFile; fileRef = 366D6D951C89EB5F00D4D83B /* record_delete_normal.png */; };
		366D6DEB1C89EB5F00D4D83B /* record_delete_normal@2x.png in Resources */ = {isa = PBXBuildFile; fileRef = 366D6D961C89EB5F00D4D83B /* record_delete_normal@2x.png */; };
		366D6DEC1C89EB5F00D4D83B /* record_deletesure_normal.png in Resources */ = {isa = PBXBuildFile; fileRef = 366D6D971C89EB5F00D4D83B /* record_deletesure_normal.png */; };
		366D6DED1C89EB5F00D4D83B /* record_deletesure_normal@2x.png in Resources */ = {isa = PBXBuildFile; fileRef = 366D6D981C89EB5F00D4D83B /* record_deletesure_normal@2x.png */; };
		366D6DEE1C89EB5F00D4D83B /* record_flashlight_disable.png in Resources */ = {isa = PBXBuildFile; fileRef = 366D6D991C89EB5F00D4D83B /* record_flashlight_disable.png */; };
		366D6DEF1C89EB5F00D4D83B /* record_flashlight_disable@2x.png in Resources */ = {isa = PBXBuildFile; fileRef = 366D6D9A1C89EB5F00D4D83B /* record_flashlight_disable@2x.png */; };
		366D6DF01C89EB5F00D4D83B /* record_flashlight_highlighted.png in Resources */ = {isa = PBXBuildFile; fileRef = 366D6D9B1C89EB5F00D4D83B /* record_flashlight_highlighted.png */; };
		366D6DF11C89EB5F00D4D83B /* record_flashlight_highlighted@2x.png in Resources */ = {isa = PBXBuildFile; fileRef = 366D6D9C1C89EB5F00D4D83B /* record_flashlight_highlighted@2x.png */; };
		366D6DF21C89EB5F00D4D83B /* record_flashlight_normal.png in Resources */ = {isa = PBXBuildFile; fileRef = 366D6D9D1C89EB5F00D4D83B /* record_flashlight_normal.png */; };
		366D6DF31C89EB5F00D4D83B /* record_flashlight_normal@2x.png in Resources */ = {isa = PBXBuildFile; fileRef = 366D6D9E1C89EB5F00D4D83B /* record_flashlight_normal@2x.png */; };
		366D6DF41C89EB5F00D4D83B /* record_focus_disable.png in Resources */ = {isa = PBXBuildFile; fileRef = 366D6D9F1C89EB5F00D4D83B /* record_focus_disable.png */; };
		366D6DF51C89EB5F00D4D83B /* record_focus_disable@2x.png in Resources */ = {isa = PBXBuildFile; fileRef = 366D6DA01C89EB5F00D4D83B /* record_focus_disable@2x.png */; };
		366D6DF61C89EB5F00D4D83B /* record_focus_highlighted.png in Resources */ = {isa = PBXBuildFile; fileRef = 366D6DA11C89EB5F00D4D83B /* record_focus_highlighted.png */; };
		366D6DF71C89EB5F00D4D83B /* record_focus_highlighted@2x.png in Resources */ = {isa = PBXBuildFile; fileRef = 366D6DA21C89EB5F00D4D83B /* record_focus_highlighted@2x.png */; };
		366D6DFC1C89EB5F00D4D83B /* record_icon_hook.png in Resources */ = {isa = PBXBuildFile; fileRef = 366D6DA71C89EB5F00D4D83B /* record_icon_hook.png */; };
		366D6DFD1C89EB5F00D4D83B /* record_icon_hook@2x.png in Resources */ = {isa = PBXBuildFile; fileRef = 366D6DA81C89EB5F00D4D83B /* record_icon_hook@2x.png */; };
		366D6DFE1C89EB5F00D4D83B /* record_icon_hook_highlighted_bg.png in Resources */ = {isa = PBXBuildFile; fileRef = 366D6DA91C89EB5F00D4D83B /* record_icon_hook_highlighted_bg.png */; };
		366D6DFF1C89EB5F00D4D83B /* record_icon_hook_highlighted_bg@2x.png in Resources */ = {isa = PBXBuildFile; fileRef = 366D6DAA1C89EB5F00D4D83B /* record_icon_hook_highlighted_bg@2x.png */; };
		366D6E001C89EB5F00D4D83B /* record_icon_hook_normal.png in Resources */ = {isa = PBXBuildFile; fileRef = 366D6DAB1C89EB5F00D4D83B /* record_icon_hook_normal.png */; };
		366D6E011C89EB5F00D4D83B /* record_icon_hook_normal@2x.png in Resources */ = {isa = PBXBuildFile; fileRef = 366D6DAC1C89EB5F00D4D83B /* record_icon_hook_normal@2x.png */; };
		366D6E021C89EB5F00D4D83B /* record_icon_hook_normal_bg.png in Resources */ = {isa = PBXBuildFile; fileRef = 366D6DAD1C89EB5F00D4D83B /* record_icon_hook_normal_bg.png */; };
		366D6E031C89EB5F00D4D83B /* record_icon_hook_normal_bg@2x.png in Resources */ = {isa = PBXBuildFile; fileRef = 366D6DAE1C89EB5F00D4D83B /* record_icon_hook_normal_bg@2x.png */; };
		366D6E041C89EB5F00D4D83B /* record_lensflip_disable.png in Resources */ = {isa = PBXBuildFile; fileRef = 366D6DAF1C89EB5F00D4D83B /* record_lensflip_disable.png */; };
		366D6E051C89EB5F00D4D83B /* record_lensflip_disable@2x.png in Resources */ = {isa = PBXBuildFile; fileRef = 366D6DB01C89EB5F00D4D83B /* record_lensflip_disable@2x.png */; };
		366D6E061C89EB5F00D4D83B /* record_lensflip_highlighted.png in Resources */ = {isa = PBXBuildFile; fileRef = 366D6DB11C89EB5F00D4D83B /* record_lensflip_highlighted.png */; };
		366D6E071C89EB5F00D4D83B /* record_lensflip_highlighted@2x.png in Resources */ = {isa = PBXBuildFile; fileRef = 366D6DB21C89EB5F00D4D83B /* record_lensflip_highlighted@2x.png */; };
		366D6E081C89EB5F00D4D83B /* record_lensflip_normal.png in Resources */ = {isa = PBXBuildFile; fileRef = 366D6DB31C89EB5F00D4D83B /* record_lensflip_normal.png */; };
		366D6E091C89EB5F00D4D83B /* record_lensflip_normal@2x.png in Resources */ = {isa = PBXBuildFile; fileRef = 366D6DB41C89EB5F00D4D83B /* record_lensflip_normal@2x.png */; };
		366D6E0A1C89EB5F00D4D83B /* record_progressbar_front.png in Resources */ = {isa = PBXBuildFile; fileRef = 366D6DB51C89EB5F00D4D83B /* record_progressbar_front.png */; };
		366D6E0B1C89EB5F00D4D83B /* record_progressbar_front@2x.png in Resources */ = {isa = PBXBuildFile; fileRef = 366D6DB61C89EB5F00D4D83B /* record_progressbar_front@2x.png */; };
		366D6E0C1C89EB5F00D4D83B /* record_tool_disable.png in Resources */ = {isa = PBXBuildFile; fileRef = 366D6DB71C89EB5F00D4D83B /* record_tool_disable.png */; };
		366D6E0D1C89EB5F00D4D83B /* record_tool_disable@2x.png in Resources */ = {isa = PBXBuildFile; fileRef = 366D6DB81C89EB5F00D4D83B /* record_tool_disable@2x.png */; };
		366D6E0E1C89EB5F00D4D83B /* record_tool_highlighted.png in Resources */ = {isa = PBXBuildFile; fileRef = 366D6DB91C89EB5F00D4D83B /* record_tool_highlighted.png */; };
		366D6E0F1C89EB5F00D4D83B /* record_tool_highlighted@2x.png in Resources */ = {isa = PBXBuildFile; fileRef = 366D6DBA1C89EB5F00D4D83B /* record_tool_highlighted@2x.png */; };
		366D6E101C89EB5F00D4D83B /* record_tool_normal.png in Resources */ = {isa = PBXBuildFile; fileRef = 366D6DBB1C89EB5F00D4D83B /* record_tool_normal.png */; };
		366D6E111C89EB5F00D4D83B /* record_tool_normal@2x.png in Resources */ = {isa = PBXBuildFile; fileRef = 366D6DBC1C89EB5F00D4D83B /* record_tool_normal@2x.png */; };
		366D6E121C89EB5F00D4D83B /* submit_ensure@2x.png in Resources */ = {isa = PBXBuildFile; fileRef = 366D6DBD1C89EB5F00D4D83B /* submit_ensure@2x.png */; };
		366D6E131C89EB5F00D4D83B /* touch_focus_not.png in Resources */ = {isa = PBXBuildFile; fileRef = 366D6DBE1C89EB5F00D4D83B /* touch_focus_not.png */; };
		366D6E141C89EB5F00D4D83B /* touch_focus_not@2x.png in Resources */ = {isa = PBXBuildFile; fileRef = 366D6DBF1C89EB5F00D4D83B /* touch_focus_not@2x.png */; };
		366D6E151C89EB5F00D4D83B /* vedio_nav_btn_back_nor.png in Resources */ = {isa = PBXBuildFile; fileRef = 366D6DC01C89EB5F00D4D83B /* vedio_nav_btn_back_nor.png */; };
		366D6E161C89EB5F00D4D83B /* vedio_nav_btn_back_nor@2x.png in Resources */ = {isa = PBXBuildFile; fileRef = 366D6DC11C89EB5F00D4D83B /* vedio_nav_btn_back_nor@2x.png */; };
		366D6E171C89EB5F00D4D83B /* vedio_nav_btn_back_nor@3x.png in Resources */ = {isa = PBXBuildFile; fileRef = 366D6DC21C89EB5F00D4D83B /* vedio_nav_btn_back_nor@3x.png */; };
		366D6E181C89EB5F00D4D83B /* vedio_nav_btn_back_pre.png in Resources */ = {isa = PBXBuildFile; fileRef = 366D6DC31C89EB5F00D4D83B /* vedio_nav_btn_back_pre.png */; };
		366D6E191C89EB5F00D4D83B /* vedio_nav_btn_back_pre@2x.png in Resources */ = {isa = PBXBuildFile; fileRef = 366D6DC41C89EB5F00D4D83B /* vedio_nav_btn_back_pre@2x.png */; };
		366D6E1A1C89EB5F00D4D83B /* video_beautify_local_music.png in Resources */ = {isa = PBXBuildFile; fileRef = 366D6DC51C89EB5F00D4D83B /* video_beautify_local_music.png */; };
		366D6E1B1C89EB5F00D4D83B /* video_beautify_no_theme_filter.png in Resources */ = {isa = PBXBuildFile; fileRef = 366D6DC61C89EB5F00D4D83B /* video_beautify_no_theme_filter.png */; };
		366D6E1C1C89EB5F00D4D83B /* video_beautify_silencer_normal.png in Resources */ = {isa = PBXBuildFile; fileRef = 366D6DC71C89EB5F00D4D83B /* video_beautify_silencer_normal.png */; };
		366D6E1D1C89EB5F00D4D83B /* video_beautify_silencer_selected.png in Resources */ = {isa = PBXBuildFile; fileRef = 366D6DC81C89EB5F00D4D83B /* video_beautify_silencer_selected.png */; };
		366D6E1E1C89EB5F00D4D83B /* video_edit_highlight@2x.png in Resources */ = {isa = PBXBuildFile; fileRef = 366D6DC91C89EB5F00D4D83B /* video_edit_highlight@2x.png */; };
		366D6E1F1C89EB5F00D4D83B /* video_icon.png in Resources */ = {isa = PBXBuildFile; fileRef = 366D6DCA1C89EB5F00D4D83B /* video_icon.png */; };
		366D6E201C89EB5F00D4D83B /* video_icon@2x.png in Resources */ = {isa = PBXBuildFile; fileRef = 366D6DCB1C89EB5F00D4D83B /* video_icon@2x.png */; };
		366D6E211C89EB5F00D4D83B /* video_longvideo_btn_pause.png in Resources */ = {isa = PBXBuildFile; fileRef = 366D6DCC1C89EB5F00D4D83B /* video_longvideo_btn_pause.png */; };
		366D6E221C89EB5F00D4D83B /* video_longvideo_btn_pause@2x.png in Resources */ = {isa = PBXBuildFile; fileRef = 366D6DCD1C89EB5F00D4D83B /* video_longvideo_btn_pause@2x.png */; };
		366D6E231C89EB5F00D4D83B /* video_longvideo_btn_shoot.png in Resources */ = {isa = PBXBuildFile; fileRef = 366D6DCE1C89EB5F00D4D83B /* video_longvideo_btn_shoot.png */; };
		366D6E241C89EB5F00D4D83B /* video_longvideo_btn_shoot@2x.png in Resources */ = {isa = PBXBuildFile; fileRef = 366D6DCF1C89EB5F00D4D83B /* video_longvideo_btn_shoot@2x.png */; };
		366D6E251C89EB5F00D4D83B /* video_play_normal.png in Resources */ = {isa = PBXBuildFile; fileRef = 366D6DD01C89EB5F00D4D83B /* video_play_normal.png */; };
		366D6E261C89EB5F00D4D83B /* video_play_normal@2x.png in Resources */ = {isa = PBXBuildFile; fileRef = 366D6DD11C89EB5F00D4D83B /* video_play_normal@2x.png */; };
		366D6E271C89EB5F00D4D83B /* video_play_press.png in Resources */ = {isa = PBXBuildFile; fileRef = 366D6DD21C89EB5F00D4D83B /* video_play_press.png */; };
		366D6E281C89EB5F00D4D83B /* video_player_play_icon.png in Resources */ = {isa = PBXBuildFile; fileRef = 366D6DD31C89EB5F00D4D83B /* video_player_play_icon.png */; };
		366D6E311C89F2C500D4D83B /* AAPLPlayerViewController.m in Sources */ = {isa = PBXBuildFile; fileRef = 366D6E2F1C89F2C500D4D83B /* AAPLPlayerViewController.m */; };
		366D6E321C89F2C500D4D83B /* AAPLPlayerViewController.xib in Resources */ = {isa = PBXBuildFile; fileRef = 366D6E301C89F2C500D4D83B /* AAPLPlayerViewController.xib */; };
		366D6E351C89F2DF00D4D83B /* AAPLPlayerView.m in Sources */ = {isa = PBXBuildFile; fileRef = 366D6E341C89F2DF00D4D83B /* AAPLPlayerView.m */; };
		366D6E421C8A00EF00D4D83B /* easy_logo.png in Resources */ = {isa = PBXBuildFile; fileRef = 366D6E401C8A00EF00D4D83B /* easy_logo.png */; };
		36A757D21C8C7C5A00C3E411 /* SVIndefiniteAnimatedView.m in Sources */ = {isa = PBXBuildFile; fileRef = 36A757CB1C8C7C5A00C3E411 /* SVIndefiniteAnimatedView.m */; };
		36A757D31C8C7C5A00C3E411 /* SVProgressHUD.bundle in Resources */ = {isa = PBXBuildFile; fileRef = 36A757CD1C8C7C5A00C3E411 /* SVProgressHUD.bundle */; };
		36A757D41C8C7C5A00C3E411 /* SVProgressHUD.m in Sources */ = {isa = PBXBuildFile; fileRef = 36A757CF1C8C7C5A00C3E411 /* SVProgressHUD.m */; };
		36A757D51C8C7C5A00C3E411 /* SVRadialGradientLayer.m in Sources */ = {isa = PBXBuildFile; fileRef = 36A757D11C8C7C5A00C3E411 /* SVRadialGradientLayer.m */; };
/* End PBXBuildFile section */

/* Begin PBXFileReference section */
		366010131C8B252C00B6E438 /* libEasyVideoRecorder.a */ = {isa = PBXFileReference; lastKnownFileType = archive.ar; path = libEasyVideoRecorder.a; sourceTree = "<group>"; };
		366D6D281C89E85700D4D83B /* EasyVideoRecorder.app */ = {isa = PBXFileReference; explicitFileType = wrapper.application; includeInIndex = 0; path = EasyVideoRecorder.app; sourceTree = BUILT_PRODUCTS_DIR; };
		366D6D2C1C89E85700D4D83B /* main.m */ = {isa = PBXFileReference; lastKnownFileType = sourcecode.c.objc; path = main.m; sourceTree = "<group>"; };
		366D6D2E1C89E85700D4D83B /* AppDelegate.h */ = {isa = PBXFileReference; lastKnownFileType = sourcecode.c.h; path = AppDelegate.h; sourceTree = "<group>"; };
		366D6D2F1C89E85700D4D83B /* AppDelegate.m */ = {isa = PBXFileReference; lastKnownFileType = sourcecode.c.objc; path = AppDelegate.m; sourceTree = "<group>"; };
		366D6D311C89E85700D4D83B /* ViewController.h */ = {isa = PBXFileReference; lastKnownFileType = sourcecode.c.h; path = ViewController.h; sourceTree = "<group>"; };
		366D6D321C89E85700D4D83B /* ViewController.m */ = {isa = PBXFileReference; lastKnownFileType = sourcecode.c.objc; path = ViewController.m; sourceTree = "<group>"; };
		366D6D351C89E85700D4D83B /* Base */ = {isa = PBXFileReference; lastKnownFileType = file.storyboard; name = Base; path = Base.lproj/Main.storyboard; sourceTree = "<group>"; };
		366D6D371C89E85700D4D83B /* Assets.xcassets */ = {isa = PBXFileReference; lastKnownFileType = folder.assetcatalog; path = Assets.xcassets; sourceTree = "<group>"; };
		366D6D3A1C89E85700D4D83B /* Base */ = {isa = PBXFileReference; lastKnownFileType = file.storyboard; name = Base; path = Base.lproj/LaunchScreen.storyboard; sourceTree = "<group>"; };
		366D6D3C1C89E85700D4D83B /* Info.plist */ = {isa = PBXFileReference; lastKnownFileType = text.plist.xml; path = Info.plist; sourceTree = "<group>"; };
		366D6D651C89E92D00D4D83B /* OpenGLES.framework */ = {isa = PBXFileReference; lastKnownFileType = wrapper.framework; name = OpenGLES.framework; path = System/Library/Frameworks/OpenGLES.framework; sourceTree = SDKROOT; };
		366D6D671C89E93300D4D83B /* CoreVideo.framework */ = {isa = PBXFileReference; lastKnownFileType = wrapper.framework; name = CoreVideo.framework; path = System/Library/Frameworks/CoreVideo.framework; sourceTree = SDKROOT; };
		366D6D691C89E93A00D4D83B /* MediaPlayer.framework */ = {isa = PBXFileReference; lastKnownFileType = wrapper.framework; name = MediaPlayer.framework; path = System/Library/Frameworks/MediaPlayer.framework; sourceTree = SDKROOT; };
		366D6D6B1C89E94300D4D83B /* CoreMedia.framework */ = {isa = PBXFileReference; lastKnownFileType = wrapper.framework; name = CoreMedia.framework; path = System/Library/Frameworks/CoreMedia.framework; sourceTree = SDKROOT; };
		366D6D6D1C89E94A00D4D83B /* QuartzCore.framework */ = {isa = PBXFileReference; lastKnownFileType = wrapper.framework; name = QuartzCore.framework; path = System/Library/Frameworks/QuartzCore.framework; sourceTree = SDKROOT; };
		366D6D6F1C89E94F00D4D83B /* AVFoundation.framework */ = {isa = PBXFileReference; lastKnownFileType = wrapper.framework; name = AVFoundation.framework; path = System/Library/Frameworks/AVFoundation.framework; sourceTree = SDKROOT; };
		366D6D711C89E96500D4D83B /* AssetsLibrary.framework */ = {isa = PBXFileReference; lastKnownFileType = wrapper.framework; name = AssetsLibrary.framework; path = System/Library/Frameworks/AssetsLibrary.framework; sourceTree = SDKROOT; };
		366D6D791C89EB4200D4D83B /* resource */ = {isa = PBXFileReference; lastKnownFileType = folder; path = resource; sourceTree = "<group>"; };
		366D6D801C89EB5F00D4D83B /* btn_photomovie_next_normal@2x.png */ = {isa = PBXFileReference; lastKnownFileType = image.png; path = "btn_photomovie_next_normal@2x.png"; sourceTree = "<group>"; };
		366D6D811C89EB5F00D4D83B /* btn_photomovie_next_presssed@2x.png */ = {isa = PBXFileReference; lastKnownFileType = image.png; path = "btn_photomovie_next_presssed@2x.png"; sourceTree = "<group>"; };
		366D6D821C89EB5F00D4D83B /* contact_bg@2x.png */ = {isa = PBXFileReference; lastKnownFileType = image.png; path = "contact_bg@2x.png"; sourceTree = "<group>"; };
		366D6D831C89EB5F00D4D83B /* disk_bg.jpg */ = {isa = PBXFileReference; lastKnownFileType = image.jpeg; path = disk_bg.jpg; sourceTree = "<group>"; };
		366D6D841C89EB5F00D4D83B /* g_btn_videoedit_tab_nor@2x.png */ = {isa = PBXFileReference; lastKnownFileType = image.png; path = "g_btn_videoedit_tab_nor@2x.png"; sourceTree = "<group>"; };
		366D6D851C89EB5F00D4D83B /* g_btn_videoedit_tab_press@2x.png */ = {isa = PBXFileReference; lastKnownFileType = image.png; path = "g_btn_videoedit_tab_press@2x.png"; sourceTree = "<group>"; };
		366D6D861C89EB5F00D4D83B /* g_tabbar_ic_video_down.png */ = {isa = PBXFileReference; lastKnownFileType = image.png; path = g_tabbar_ic_video_down.png; sourceTree = "<group>"; };
		366D6D871C89EB5F00D4D83B /* g_tabbar_ic_video_down@2x.png */ = {isa = PBXFileReference; lastKnownFileType = image.png; path = "g_tabbar_ic_video_down@2x.png"; sourceTree = "<group>"; };
		366D6D881C89EB5F00D4D83B /* g_tabbar_ic_video_nor.png */ = {isa = PBXFileReference; lastKnownFileType = image.png; path = g_tabbar_ic_video_nor.png; sourceTree = "<group>"; };
		366D6D891C89EB5F00D4D83B /* g_tabbar_ic_video_nor@2x.png */ = {isa = PBXFileReference; lastKnownFileType = image.png; path = "g_tabbar_ic_video_nor@2x.png"; sourceTree = "<group>"; };
		366D6D8B1C89EB5F00D4D83B /* local_music_icon.png */ = {isa = PBXFileReference; lastKnownFileType = image.png; path = local_music_icon.png; sourceTree = "<group>"; };
		366D6D8D1C89EB5F00D4D83B /* record_close_disable.png */ = {isa = PBXFileReference; lastKnownFileType = image.png; path = record_close_disable.png; sourceTree = "<group>"; };
		366D6D8E1C89EB5F00D4D83B /* record_close_disable@2x.png */ = {isa = PBXFileReference; lastKnownFileType = image.png; path = "record_close_disable@2x.png"; sourceTree = "<group>"; };
		366D6D8F1C89EB5F00D4D83B /* record_close_highlighted.png */ = {isa = PBXFileReference; lastKnownFileType = image.png; path = record_close_highlighted.png; sourceTree = "<group>"; };
		366D6D901C89EB5F00D4D83B /* record_close_highlighted@2x.png */ = {isa = PBXFileReference; lastKnownFileType = image.png; path = "record_close_highlighted@2x.png"; sourceTree = "<group>"; };
		366D6D911C89EB5F00D4D83B /* record_close_normal.png */ = {isa = PBXFileReference; lastKnownFileType = image.png; path = record_close_normal.png; sourceTree = "<group>"; };
		366D6D921C89EB5F00D4D83B /* record_close_normal@2x.png */ = {isa = PBXFileReference; lastKnownFileType = image.png; path = "record_close_normal@2x.png"; sourceTree = "<group>"; };
		366D6D931C89EB5F00D4D83B /* record_delete_disable.png */ = {isa = PBXFileReference; lastKnownFileType = image.png; path = record_delete_disable.png; sourceTree = "<group>"; };
		366D6D941C89EB5F00D4D83B /* record_delete_disable@2x.png */ = {isa = PBXFileReference; lastKnownFileType = image.png; path = "record_delete_disable@2x.png"; sourceTree = "<group>"; };
		366D6D951C89EB5F00D4D83B /* record_delete_normal.png */ = {isa = PBXFileReference; lastKnownFileType = image.png; path = record_delete_normal.png; sourceTree = "<group>"; };
		366D6D961C89EB5F00D4D83B /* record_delete_normal@2x.png */ = {isa = PBXFileReference; lastKnownFileType = image.png; path = "record_delete_normal@2x.png"; sourceTree = "<group>"; };
		366D6D971C89EB5F00D4D83B /* record_deletesure_normal.png */ = {isa = PBXFileReference; lastKnownFileType = image.png; path = record_deletesure_normal.png; sourceTree = "<group>"; };
		366D6D981C89EB5F00D4D83B /* record_deletesure_normal@2x.png */ = {isa = PBXFileReference; lastKnownFileType = image.png; path = "record_deletesure_normal@2x.png"; sourceTree = "<group>"; };
		366D6D991C89EB5F00D4D83B /* record_flashlight_disable.png */ = {isa = PBXFileReference; lastKnownFileType = image.png; path = record_flashlight_disable.png; sourceTree = "<group>"; };
		366D6D9A1C89EB5F00D4D83B /* record_flashlight_disable@2x.png */ = {isa = PBXFileReference; lastKnownFileType = image.png; path = "record_flashlight_disable@2x.png"; sourceTree = "<group>"; };
		366D6D9B1C89EB5F00D4D83B /* record_flashlight_highlighted.png */ = {isa = PBXFileReference; lastKnownFileType = image.png; path = record_flashlight_highlighted.png; sourceTree = "<group>"; };
		366D6D9C1C89EB5F00D4D83B /* record_flashlight_highlighted@2x.png */ = {isa = PBXFileReference; lastKnownFileType = image.png; path = "record_flashlight_highlighted@2x.png"; sourceTree = "<group>"; };
		366D6D9D1C89EB5F00D4D83B /* record_flashlight_normal.png */ = {isa = PBXFileReference; lastKnownFileType = image.png; path = record_flashlight_normal.png; sourceTree = "<group>"; };
		366D6D9E1C89EB5F00D4D83B /* record_flashlight_normal@2x.png */ = {isa = PBXFileReference; lastKnownFileType = image.png; path = "record_flashlight_normal@2x.png"; sourceTree = "<group>"; };
		366D6D9F1C89EB5F00D4D83B /* record_focus_disable.png */ = {isa = PBXFileReference; lastKnownFileType = image.png; path = record_focus_disable.png; sourceTree = "<group>"; };
		366D6DA01C89EB5F00D4D83B /* record_focus_disable@2x.png */ = {isa = PBXFileReference; lastKnownFileType = image.png; path = "record_focus_disable@2x.png"; sourceTree = "<group>"; };
		366D6DA11C89EB5F00D4D83B /* record_focus_highlighted.png */ = {isa = PBXFileReference; lastKnownFileType = image.png; path = record_focus_highlighted.png; sourceTree = "<group>"; };
		366D6DA21C89EB5F00D4D83B /* record_focus_highlighted@2x.png */ = {isa = PBXFileReference; lastKnownFileType = image.png; path = "record_focus_highlighted@2x.png"; sourceTree = "<group>"; };
		366D6DA71C89EB5F00D4D83B /* record_icon_hook.png */ = {isa = PBXFileReference; lastKnownFileType = image.png; path = record_icon_hook.png; sourceTree = "<group>"; };
		366D6DA81C89EB5F00D4D83B /* record_icon_hook@2x.png */ = {isa = PBXFileReference; lastKnownFileType = image.png; path = "record_icon_hook@2x.png"; sourceTree = "<group>"; };
		366D6DA91C89EB5F00D4D83B /* record_icon_hook_highlighted_bg.png */ = {isa = PBXFileReference; lastKnownFileType = image.png; path = record_icon_hook_highlighted_bg.png; sourceTree = "<group>"; };
		366D6DAA1C89EB5F00D4D83B /* record_icon_hook_highlighted_bg@2x.png */ = {isa = PBXFileReference; lastKnownFileType = image.png; path = "record_icon_hook_highlighted_bg@2x.png"; sourceTree = "<group>"; };
		366D6DAB1C89EB5F00D4D83B /* record_icon_hook_normal.png */ = {isa = PBXFileReference; lastKnownFileType = image.png; path = record_icon_hook_normal.png; sourceTree = "<group>"; };
		366D6DAC1C89EB5F00D4D83B /* record_icon_hook_normal@2x.png */ = {isa = PBXFileReference; lastKnownFileType = image.png; path = "record_icon_hook_normal@2x.png"; sourceTree = "<group>"; };
		366D6DAD1C89EB5F00D4D83B /* record_icon_hook_normal_bg.png */ = {isa = PBXFileReference; lastKnownFileType = image.png; path = record_icon_hook_normal_bg.png; sourceTree = "<group>"; };
		366D6DAE1C89EB5F00D4D83B /* record_icon_hook_normal_bg@2x.png */ = {isa = PBXFileReference; lastKnownFileType = image.png; path = "record_icon_hook_normal_bg@2x.png"; sourceTree = "<group>"; };
		366D6DAF1C89EB5F00D4D83B /* record_lensflip_disable.png */ = {isa = PBXFileReference; lastKnownFileType = image.png; path = record_lensflip_disable.png; sourceTree = "<group>"; };
		366D6DB01C89EB5F00D4D83B /* record_lensflip_disable@2x.png */ = {isa = PBXFileReference; lastKnownFileType = image.png; path = "record_lensflip_disable@2x.png"; sourceTree = "<group>"; };
		366D6DB11C89EB5F00D4D83B /* record_lensflip_highlighted.png */ = {isa = PBXFileReference; lastKnownFileType = image.png; path = record_lensflip_highlighted.png; sourceTree = "<group>"; };
		366D6DB21C89EB5F00D4D83B /* record_lensflip_highlighted@2x.png */ = {isa = PBXFileReference; lastKnownFileType = image.png; path = "record_lensflip_highlighted@2x.png"; sourceTree = "<group>"; };
		366D6DB31C89EB5F00D4D83B /* record_lensflip_normal.png */ = {isa = PBXFileReference; lastKnownFileType = image.png; path = record_lensflip_normal.png; sourceTree = "<group>"; };
		366D6DB41C89EB5F00D4D83B /* record_lensflip_normal@2x.png */ = {isa = PBXFileReference; lastKnownFileType = image.png; path = "record_lensflip_normal@2x.png"; sourceTree = "<group>"; };
		366D6DB51C89EB5F00D4D83B /* record_progressbar_front.png */ = {isa = PBXFileReference; lastKnownFileType = image.png; path = record_progressbar_front.png; sourceTree = "<group>"; };
		366D6DB61C89EB5F00D4D83B /* record_progressbar_front@2x.png */ = {isa = PBXFileReference; lastKnownFileType = image.png; path = "record_progressbar_front@2x.png"; sourceTree = "<group>"; };
		366D6DB71C89EB5F00D4D83B /* record_tool_disable.png */ = {isa = PBXFileReference; lastKnownFileType = image.png; path = record_tool_disable.png; sourceTree = "<group>"; };
		366D6DB81C89EB5F00D4D83B /* record_tool_disable@2x.png */ = {isa = PBXFileReference; lastKnownFileType = image.png; path = "record_tool_disable@2x.png"; sourceTree = "<group>"; };
		366D6DB91C89EB5F00D4D83B /* record_tool_highlighted.png */ = {isa = PBXFileReference; lastKnownFileType = image.png; path = record_tool_highlighted.png; sourceTree = "<group>"; };
		366D6DBA1C89EB5F00D4D83B /* record_tool_highlighted@2x.png */ = {isa = PBXFileReference; lastKnownFileType = image.png; path = "record_tool_highlighted@2x.png"; sourceTree = "<group>"; };
		366D6DBB1C89EB5F00D4D83B /* record_tool_normal.png */ = {isa = PBXFileReference; lastKnownFileType = image.png; path = record_tool_normal.png; sourceTree = "<group>"; };
		366D6DBC1C89EB5F00D4D83B /* record_tool_normal@2x.png */ = {isa = PBXFileReference; lastKnownFileType = image.png; path = "record_tool_normal@2x.png"; sourceTree = "<group>"; };
		366D6DBD1C89EB5F00D4D83B /* submit_ensure@2x.png */ = {isa = PBXFileReference; lastKnownFileType = image.png; path = "submit_ensure@2x.png"; sourceTree = "<group>"; };
		366D6DBE1C89EB5F00D4D83B /* touch_focus_not.png */ = {isa = PBXFileReference; lastKnownFileType = image.png; path = touch_focus_not.png; sourceTree = "<group>"; };
		366D6DBF1C89EB5F00D4D83B /* touch_focus_not@2x.png */ = {isa = PBXFileReference; lastKnownFileType = image.png; path = "touch_focus_not@2x.png"; sourceTree = "<group>"; };
		366D6DC01C89EB5F00D4D83B /* vedio_nav_btn_back_nor.png */ = {isa = PBXFileReference; lastKnownFileType = image.png; path = vedio_nav_btn_back_nor.png; sourceTree = "<group>"; };
		366D6DC11C89EB5F00D4D83B /* vedio_nav_btn_back_nor@2x.png */ = {isa = PBXFileReference; lastKnownFileType = image.png; path = "vedio_nav_btn_back_nor@2x.png"; sourceTree = "<group>"; };
		366D6DC21C89EB5F00D4D83B /* vedio_nav_btn_back_nor@3x.png */ = {isa = PBXFileReference; lastKnownFileType = image.png; path = "vedio_nav_btn_back_nor@3x.png"; sourceTree = "<group>"; };
		366D6DC31C89EB5F00D4D83B /* vedio_nav_btn_back_pre.png */ = {isa = PBXFileReference; lastKnownFileType = image.png; path = vedio_nav_btn_back_pre.png; sourceTree = "<group>"; };
		366D6DC41C89EB5F00D4D83B /* vedio_nav_btn_back_pre@2x.png */ = {isa = PBXFileReference; lastKnownFileType = image.png; path = "vedio_nav_btn_back_pre@2x.png"; sourceTree = "<group>"; };
		366D6DC51C89EB5F00D4D83B /* video_beautify_local_music.png */ = {isa = PBXFileReference; lastKnownFileType = image.png; path = video_beautify_local_music.png; sourceTree = "<group>"; };
		366D6DC61C89EB5F00D4D83B /* video_beautify_no_theme_filter.png */ = {isa = PBXFileReference; lastKnownFileType = image.png; path = video_beautify_no_theme_filter.png; sourceTree = "<group>"; };
		366D6DC71C89EB5F00D4D83B /* video_beautify_silencer_normal.png */ = {isa = PBXFileReference; lastKnownFileType = image.png; path = video_beautify_silencer_normal.png; sourceTree = "<group>"; };
		366D6DC81C89EB5F00D4D83B /* video_beautify_silencer_selected.png */ = {isa = PBXFileReference; lastKnownFileType = image.png; path = video_beautify_silencer_selected.png; sourceTree = "<group>"; };
		366D6DC91C89EB5F00D4D83B /* video_edit_highlight@2x.png */ = {isa = PBXFileReference; lastKnownFileType = image.png; path = "video_edit_highlight@2x.png"; sourceTree = "<group>"; };
		366D6DCA1C89EB5F00D4D83B /* video_icon.png */ = {isa = PBXFileReference; lastKnownFileType = image.png; path = video_icon.png; sourceTree = "<group>"; };
		366D6DCB1C89EB5F00D4D83B /* video_icon@2x.png */ = {isa = PBXFileReference; lastKnownFileType = image.png; path = "video_icon@2x.png"; sourceTree = "<group>"; };
		366D6DCC1C89EB5F00D4D83B /* video_longvideo_btn_pause.png */ = {isa = PBXFileReference; lastKnownFileType = image.png; path = video_longvideo_btn_pause.png; sourceTree = "<group>"; };
		366D6DCD1C89EB5F00D4D83B /* video_longvideo_btn_pause@2x.png */ = {isa = PBXFileReference; lastKnownFileType = image.png; path = "video_longvideo_btn_pause@2x.png"; sourceTree = "<group>"; };
		366D6DCE1C89EB5F00D4D83B /* video_longvideo_btn_shoot.png */ = {isa = PBXFileReference; lastKnownFileType = image.png; path = video_longvideo_btn_shoot.png; sourceTree = "<group>"; };
		366D6DCF1C89EB5F00D4D83B /* video_longvideo_btn_shoot@2x.png */ = {isa = PBXFileReference; lastKnownFileType = image.png; path = "video_longvideo_btn_shoot@2x.png"; sourceTree = "<group>"; };
		366D6DD01C89EB5F00D4D83B /* video_play_normal.png */ = {isa = PBXFileReference; lastKnownFileType = image.png; path = video_play_normal.png; sourceTree = "<group>"; };
		366D6DD11C89EB5F00D4D83B /* video_play_normal@2x.png */ = {isa = PBXFileReference; lastKnownFileType = image.png; path = "video_play_normal@2x.png"; sourceTree = "<group>"; };
		366D6DD21C89EB5F00D4D83B /* video_play_press.png */ = {isa = PBXFileReference; lastKnownFileType = image.png; path = video_play_press.png; sourceTree = "<group>"; };
		366D6DD31C89EB5F00D4D83B /* video_player_play_icon.png */ = {isa = PBXFileReference; lastKnownFileType = image.png; path = video_player_play_icon.png; sourceTree = "<group>"; };
		366D6E2E1C89F2C500D4D83B /* AAPLPlayerViewController.h */ = {isa = PBXFileReference; fileEncoding = 4; lastKnownFileType = sourcecode.c.h; path = AAPLPlayerViewController.h; sourceTree = "<group>"; };
		366D6E2F1C89F2C500D4D83B /* AAPLPlayerViewController.m */ = {isa = PBXFileReference; fileEncoding = 4; lastKnownFileType = sourcecode.c.objc; path = AAPLPlayerViewController.m; sourceTree = "<group>"; };
		366D6E301C89F2C500D4D83B /* AAPLPlayerViewController.xib */ = {isa = PBXFileReference; fileEncoding = 4; lastKnownFileType = file.xib; path = AAPLPlayerViewController.xib; sourceTree = "<group>"; };
		366D6E331C89F2DF00D4D83B /* AAPLPlayerView.h */ = {isa = PBXFileReference; fileEncoding = 4; lastKnownFileType = sourcecode.c.h; path = AAPLPlayerView.h; sourceTree = "<group>"; };
		366D6E341C89F2DF00D4D83B /* AAPLPlayerView.m */ = {isa = PBXFileReference; fileEncoding = 4; lastKnownFileType = sourcecode.c.objc; path = AAPLPlayerView.m; sourceTree = "<group>"; };
		366D6E391C89F7AC00D4D83B /* EasyCaptureViewController.h */ = {isa = PBXFileReference; lastKnownFileType = sourcecode.c.h; path = EasyCaptureViewController.h; sourceTree = "<group>"; };
		366D6E3F1C89FB1800D4D83B /* EasyCaptureType.h */ = {isa = PBXFileReference; lastKnownFileType = sourcecode.c.h; path = EasyCaptureType.h; sourceTree = "<group>"; };
		366D6E401C8A00EF00D4D83B /* easy_logo.png */ = {isa = PBXFileReference; lastKnownFileType = image.png; name = easy_logo.png; path = image/easy_logo.png; sourceTree = "<group>"; };
		36A757CA1C8C7C5A00C3E411 /* SVIndefiniteAnimatedView.h */ = {isa = PBXFileReference; fileEncoding = 4; lastKnownFileType = sourcecode.c.h; path = SVIndefiniteAnimatedView.h; sourceTree = "<group>"; };
		36A757CB1C8C7C5A00C3E411 /* SVIndefiniteAnimatedView.m */ = {isa = PBXFileReference; fileEncoding = 4; lastKnownFileType = sourcecode.c.objc; path = SVIndefiniteAnimatedView.m; sourceTree = "<group>"; };
		36A757CC1C8C7C5A00C3E411 /* SVProgressHUD-Prefix.pch */ = {isa = PBXFileReference; fileEncoding = 4; lastKnownFileType = sourcecode.c.h; path = "SVProgressHUD-Prefix.pch"; sourceTree = "<group>"; };
		36A757CD1C8C7C5A00C3E411 /* SVProgressHUD.bundle */ = {isa = PBXFileReference; lastKnownFileType = "wrapper.plug-in"; path = SVProgressHUD.bundle; sourceTree = "<group>"; };
		36A757CE1C8C7C5A00C3E411 /* SVProgressHUD.h */ = {isa = PBXFileReference; fileEncoding = 4; lastKnownFileType = sourcecode.c.h; path = SVProgressHUD.h; sourceTree = "<group>"; };
		36A757CF1C8C7C5A00C3E411 /* SVProgressHUD.m */ = {isa = PBXFileReference; fileEncoding = 4; lastKnownFileType = sourcecode.c.objc; path = SVProgressHUD.m; sourceTree = "<group>"; };
		36A757D01C8C7C5A00C3E411 /* SVRadialGradientLayer.h */ = {isa = PBXFileReference; fileEncoding = 4; lastKnownFileType = sourcecode.c.h; path = SVRadialGradientLayer.h; sourceTree = "<group>"; };
		36A757D11C8C7C5A00C3E411 /* SVRadialGradientLayer.m */ = {isa = PBXFileReference; fileEncoding = 4; lastKnownFileType = sourcecode.c.objc; path = SVRadialGradientLayer.m; sourceTree = "<group>"; };
/* End PBXFileReference section */

/* Begin PBXFrameworksBuildPhase section */
		366D6D251C89E85700D4D83B /* Frameworks */ = {
			isa = PBXFrameworksBuildPhase;
			buildActionMask = 2147483647;
			files = (
				366D6D721C89E96500D4D83B /* AssetsLibrary.framework in Frameworks */,
				366D6D701C89E94F00D4D83B /* AVFoundation.framework in Frameworks */,
				366D6D6E1C89E94A00D4D83B /* QuartzCore.framework in Frameworks */,
				366010141C8B252C00B6E438 /* libEasyVideoRecorder.a in Frameworks */,
				366D6D6C1C89E94300D4D83B /* CoreMedia.framework in Frameworks */,
				366D6D6A1C89E93A00D4D83B /* MediaPlayer.framework in Frameworks */,
				366D6D681C89E93300D4D83B /* CoreVideo.framework in Frameworks */,
				366D6D661C89E92D00D4D83B /* OpenGLES.framework in Frameworks */,
			);
			runOnlyForDeploymentPostprocessing = 0;
		};
/* End PBXFrameworksBuildPhase section */

/* Begin PBXGroup section */
		366D6D1F1C89E85700D4D83B = {
			isa = PBXGroup;
			children = (
				366D6D711C89E96500D4D83B /* AssetsLibrary.framework */,
				366D6D6F1C89E94F00D4D83B /* AVFoundation.framework */,
				366D6D6D1C89E94A00D4D83B /* QuartzCore.framework */,
				366D6D6B1C89E94300D4D83B /* CoreMedia.framework */,
				366D6D691C89E93A00D4D83B /* MediaPlayer.framework */,
				366D6D671C89E93300D4D83B /* CoreVideo.framework */,
				366D6D651C89E92D00D4D83B /* OpenGLES.framework */,
				366D6D2A1C89E85700D4D83B /* EasyVideoRecorderDemo */,
				366D6D291C89E85700D4D83B /* Products */,
			);
			sourceTree = "<group>";
		};
		366D6D291C89E85700D4D83B /* Products */ = {
			isa = PBXGroup;
			children = (
				366D6D281C89E85700D4D83B /* EasyVideoRecorder.app */,
			);
			name = Products;
			sourceTree = "<group>";
		};
		366D6D2A1C89E85700D4D83B /* EasyVideoRecorderDemo */ = {
			isa = PBXGroup;
			children = (
				366D6D731C89E9FD00D4D83B /* EasyVideoRecorderLib */,
				366D6D2E1C89E85700D4D83B /* AppDelegate.h */,
				366D6D2F1C89E85700D4D83B /* AppDelegate.m */,
				366D6E331C89F2DF00D4D83B /* AAPLPlayerView.h */,
				366D6E341C89F2DF00D4D83B /* AAPLPlayerView.m */,
				366D6E2E1C89F2C500D4D83B /* AAPLPlayerViewController.h */,
				366D6E2F1C89F2C500D4D83B /* AAPLPlayerViewController.m */,
				366D6E301C89F2C500D4D83B /* AAPLPlayerViewController.xib */,
				36A757C91C8C7C5A00C3E411 /* SVProgressHUD */,
				366D6D791C89EB4200D4D83B /* resource */,
				366D6D311C89E85700D4D83B /* ViewController.h */,
				366D6D321C89E85700D4D83B /* ViewController.m */,
				366D6D7F1C89EB5F00D4D83B /* image */,
				366D6D341C89E85700D4D83B /* Main.storyboard */,
				366D6D371C89E85700D4D83B /* Assets.xcassets */,
				366D6E401C8A00EF00D4D83B /* easy_logo.png */,
				366D6D391C89E85700D4D83B /* LaunchScreen.storyboard */,
				366D6D3C1C89E85700D4D83B /* Info.plist */,
				366D6D2B1C89E85700D4D83B /* Supporting Files */,
			);
			path = EasyVideoRecorderDemo;
			sourceTree = "<group>";
		};
		366D6D2B1C89E85700D4D83B /* Supporting Files */ = {
			isa = PBXGroup;
			children = (
				366D6D2C1C89E85700D4D83B /* main.m */,
			);
			name = "Supporting Files";
			sourceTree = "<group>";
		};
		366D6D731C89E9FD00D4D83B /* EasyVideoRecorderLib */ = {
			isa = PBXGroup;
			children = (
				366D6E391C89F7AC00D4D83B /* EasyCaptureViewController.h */,
				366010131C8B252C00B6E438 /* libEasyVideoRecorder.a */,
				366D6E3F1C89FB1800D4D83B /* EasyCaptureType.h */,
			);
			name = EasyVideoRecorderLib;
			path = ../../EasyVideoRecorderLib;
			sourceTree = "<group>";
		};
		366D6D7F1C89EB5F00D4D83B /* image */ = {
			isa = PBXGroup;
			children = (
				366D6D801C89EB5F00D4D83B /* btn_photomovie_next_normal@2x.png */,
				366D6D811C89EB5F00D4D83B /* btn_photomovie_next_presssed@2x.png */,
				366D6D821C89EB5F00D4D83B /* contact_bg@2x.png */,
				366D6D831C89EB5F00D4D83B /* disk_bg.jpg */,
				366D6D841C89EB5F00D4D83B /* g_btn_videoedit_tab_nor@2x.png */,
				366D6D851C89EB5F00D4D83B /* g_btn_videoedit_tab_press@2x.png */,
				366D6D861C89EB5F00D4D83B /* g_tabbar_ic_video_down.png */,
				366D6D871C89EB5F00D4D83B /* g_tabbar_ic_video_down@2x.png */,
				366D6D881C89EB5F00D4D83B /* g_tabbar_ic_video_nor.png */,
				366D6D891C89EB5F00D4D83B /* g_tabbar_ic_video_nor@2x.png */,
				366D6D8B1C89EB5F00D4D83B /* local_music_icon.png */,
				366D6D8D1C89EB5F00D4D83B /* record_close_disable.png */,
				366D6D8E1C89EB5F00D4D83B /* record_close_disable@2x.png */,
				366D6D8F1C89EB5F00D4D83B /* record_close_highlighted.png */,
				366D6D901C89EB5F00D4D83B /* record_close_highlighted@2x.png */,
				366D6D911C89EB5F00D4D83B /* record_close_normal.png */,
				366D6D921C89EB5F00D4D83B /* record_close_normal@2x.png */,
				366D6D931C89EB5F00D4D83B /* record_delete_disable.png */,
				366D6D941C89EB5F00D4D83B /* record_delete_disable@2x.png */,
				366D6D951C89EB5F00D4D83B /* record_delete_normal.png */,
				366D6D961C89EB5F00D4D83B /* record_delete_normal@2x.png */,
				366D6D971C89EB5F00D4D83B /* record_deletesure_normal.png */,
				366D6D981C89EB5F00D4D83B /* record_deletesure_normal@2x.png */,
				366D6D991C89EB5F00D4D83B /* record_flashlight_disable.png */,
				366D6D9A1C89EB5F00D4D83B /* record_flashlight_disable@2x.png */,
				366D6D9B1C89EB5F00D4D83B /* record_flashlight_highlighted.png */,
				366D6D9C1C89EB5F00D4D83B /* record_flashlight_highlighted@2x.png */,
				366D6D9D1C89EB5F00D4D83B /* record_flashlight_normal.png */,
				366D6D9E1C89EB5F00D4D83B /* record_flashlight_normal@2x.png */,
				366D6D9F1C89EB5F00D4D83B /* record_focus_disable.png */,
				366D6DA01C89EB5F00D4D83B /* record_focus_disable@2x.png */,
				366D6DA11C89EB5F00D4D83B /* record_focus_highlighted.png */,
				366D6DA21C89EB5F00D4D83B /* record_focus_highlighted@2x.png */,
				366D6DA71C89EB5F00D4D83B /* record_icon_hook.png */,
				366D6DA81C89EB5F00D4D83B /* record_icon_hook@2x.png */,
				366D6DA91C89EB5F00D4D83B /* record_icon_hook_highlighted_bg.png */,
				366D6DAA1C89EB5F00D4D83B /* record_icon_hook_highlighted_bg@2x.png */,
				366D6DAB1C89EB5F00D4D83B /* record_icon_hook_normal.png */,
				366D6DAC1C89EB5F00D4D83B /* record_icon_hook_normal@2x.png */,
				366D6DAD1C89EB5F00D4D83B /* record_icon_hook_normal_bg.png */,
				366D6DAE1C89EB5F00D4D83B /* record_icon_hook_normal_bg@2x.png */,
				366D6DAF1C89EB5F00D4D83B /* record_lensflip_disable.png */,
				366D6DB01C89EB5F00D4D83B /* record_lensflip_disable@2x.png */,
				366D6DB11C89EB5F00D4D83B /* record_lensflip_highlighted.png */,
				366D6DB21C89EB5F00D4D83B /* record_lensflip_highlighted@2x.png */,
				366D6DB31C89EB5F00D4D83B /* record_lensflip_normal.png */,
				366D6DB41C89EB5F00D4D83B /* record_lensflip_normal@2x.png */,
				366D6DB51C89EB5F00D4D83B /* record_progressbar_front.png */,
				366D6DB61C89EB5F00D4D83B /* record_progressbar_front@2x.png */,
				366D6DB71C89EB5F00D4D83B /* record_tool_disable.png */,
				366D6DB81C89EB5F00D4D83B /* record_tool_disable@2x.png */,
				366D6DB91C89EB5F00D4D83B /* record_tool_highlighted.png */,
				366D6DBA1C89EB5F00D4D83B /* record_tool_highlighted@2x.png */,
				366D6DBB1C89EB5F00D4D83B /* record_tool_normal.png */,
				366D6DBC1C89EB5F00D4D83B /* record_tool_normal@2x.png */,
				366D6DBD1C89EB5F00D4D83B /* submit_ensure@2x.png */,
				366D6DBE1C89EB5F00D4D83B /* touch_focus_not.png */,
				366D6DBF1C89EB5F00D4D83B /* touch_focus_not@2x.png */,
				366D6DC01C89EB5F00D4D83B /* vedio_nav_btn_back_nor.png */,
				366D6DC11C89EB5F00D4D83B /* vedio_nav_btn_back_nor@2x.png */,
				366D6DC21C89EB5F00D4D83B /* vedio_nav_btn_back_nor@3x.png */,
				366D6DC31C89EB5F00D4D83B /* vedio_nav_btn_back_pre.png */,
				366D6DC41C89EB5F00D4D83B /* vedio_nav_btn_back_pre@2x.png */,
				366D6DC51C89EB5F00D4D83B /* video_beautify_local_music.png */,
				366D6DC61C89EB5F00D4D83B /* video_beautify_no_theme_filter.png */,
				366D6DC71C89EB5F00D4D83B /* video_beautify_silencer_normal.png */,
				366D6DC81C89EB5F00D4D83B /* video_beautify_silencer_selected.png */,
				366D6DC91C89EB5F00D4D83B /* video_edit_highlight@2x.png */,
				366D6DCA1C89EB5F00D4D83B /* video_icon.png */,
				366D6DCB1C89EB5F00D4D83B /* video_icon@2x.png */,
				366D6DCC1C89EB5F00D4D83B /* video_longvideo_btn_pause.png */,
				366D6DCD1C89EB5F00D4D83B /* video_longvideo_btn_pause@2x.png */,
				366D6DCE1C89EB5F00D4D83B /* video_longvideo_btn_shoot.png */,
				366D6DCF1C89EB5F00D4D83B /* video_longvideo_btn_shoot@2x.png */,
				366D6DD01C89EB5F00D4D83B /* video_play_normal.png */,
				366D6DD11C89EB5F00D4D83B /* video_play_normal@2x.png */,
				366D6DD21C89EB5F00D4D83B /* video_play_press.png */,
				366D6DD31C89EB5F00D4D83B /* video_player_play_icon.png */,
			);
			path = image;
			sourceTree = "<group>";
		};
		36A757C91C8C7C5A00C3E411 /* SVProgressHUD */ = {
			isa = PBXGroup;
			children = (
				36A757CA1C8C7C5A00C3E411 /* SVIndefiniteAnimatedView.h */,
				36A757CB1C8C7C5A00C3E411 /* SVIndefiniteAnimatedView.m */,
				36A757CC1C8C7C5A00C3E411 /* SVProgressHUD-Prefix.pch */,
				36A757CD1C8C7C5A00C3E411 /* SVProgressHUD.bundle */,
				36A757CE1C8C7C5A00C3E411 /* SVProgressHUD.h */,
				36A757CF1C8C7C5A00C3E411 /* SVProgressHUD.m */,
				36A757D01C8C7C5A00C3E411 /* SVRadialGradientLayer.h */,
				36A757D11C8C7C5A00C3E411 /* SVRadialGradientLayer.m */,
			);
			path = SVProgressHUD;
			sourceTree = "<group>";
		};
/* End PBXGroup section */

/* Begin PBXNativeTarget section */
		366D6D271C89E85700D4D83B /* EasyVideoRecorderDemo */ = {
			isa = PBXNativeTarget;
			buildConfigurationList = 366D6D551C89E85700D4D83B /* Build configuration list for PBXNativeTarget "EasyVideoRecorderDemo" */;
			buildPhases = (
				366D6D241C89E85700D4D83B /* Sources */,
				366D6D251C89E85700D4D83B /* Frameworks */,
				366D6D261C89E85700D4D83B /* Resources */,
			);
			buildRules = (
			);
			dependencies = (
			);
			name = EasyVideoRecorderDemo;
			productName = EasyVideoRecorderDemo;
			productReference = 366D6D281C89E85700D4D83B /* EasyVideoRecorder.app */;
			productType = "com.apple.product-type.application";
		};
/* End PBXNativeTarget section */

/* Begin PBXProject section */
		366D6D201C89E85700D4D83B /* Project object */ = {
			isa = PBXProject;
			attributes = {
				LastUpgradeCheck = 0720;
				ORGANIZATIONNAME = EasyDarwin;
				TargetAttributes = {
					366D6D271C89E85700D4D83B = {
						CreatedOnToolsVersion = 7.2;
						DevelopmentTeam = ER6XZB9Y3X;
					};
				};
			};
			buildConfigurationList = 366D6D231C89E85700D4D83B /* Build configuration list for PBXProject "EasyVideoRecorderDemo" */;
			compatibilityVersion = "Xcode 3.2";
			developmentRegion = English;
			hasScannedForEncodings = 0;
			knownRegions = (
				en,
				Base,
			);
			mainGroup = 366D6D1F1C89E85700D4D83B;
			productRefGroup = 366D6D291C89E85700D4D83B /* Products */;
			projectDirPath = "";
			projectRoot = "";
			targets = (
				366D6D271C89E85700D4D83B /* EasyVideoRecorderDemo */,
			);
		};
/* End PBXProject section */

/* Begin PBXResourcesBuildPhase section */
		366D6D261C89E85700D4D83B /* Resources */ = {
			isa = PBXResourcesBuildPhase;
			buildActionMask = 2147483647;
			files = (
				366D6E0B1C89EB5F00D4D83B /* record_progressbar_front@2x.png in Resources */,
				366D6DEE1C89EB5F00D4D83B /* record_flashlight_disable.png in Resources */,
				366D6E191C89EB5F00D4D83B /* vedio_nav_btn_back_pre@2x.png in Resources */,
				366D6E101C89EB5F00D4D83B /* record_tool_normal.png in Resources */,
				366D6E091C89EB5F00D4D83B /* record_lensflip_normal@2x.png in Resources */,
				366D6E211C89EB5F00D4D83B /* video_longvideo_btn_pause.png in Resources */,
				366D6DFC1C89EB5F00D4D83B /* record_icon_hook.png in Resources */,
				366D6E281C89EB5F00D4D83B /* video_player_play_icon.png in Resources */,
				366D6E271C89EB5F00D4D83B /* video_play_press.png in Resources */,
				366D6DD81C89EB5F00D4D83B /* disk_bg.jpg in Resources */,
				366D6DEB1C89EB5F00D4D83B /* record_delete_normal@2x.png in Resources */,
				366D6E041C89EB5F00D4D83B /* record_lensflip_disable.png in Resources */,
				366D6DF51C89EB5F00D4D83B /* record_focus_disable@2x.png in Resources */,
				366D6DDD1C89EB5F00D4D83B /* g_tabbar_ic_video_nor.png in Resources */,
				366D6DE51C89EB5F00D4D83B /* record_close_highlighted@2x.png in Resources */,
				366D6DD61C89EB5F00D4D83B /* btn_photomovie_next_presssed@2x.png in Resources */,
				366D6E111C89EB5F00D4D83B /* record_tool_normal@2x.png in Resources */,
				366D6DDC1C89EB5F00D4D83B /* g_tabbar_ic_video_down@2x.png in Resources */,
				366D6DF61C89EB5F00D4D83B /* record_focus_highlighted.png in Resources */,
				366D6E131C89EB5F00D4D83B /* touch_focus_not.png in Resources */,
				366D6DFD1C89EB5F00D4D83B /* record_icon_hook@2x.png in Resources */,
				366D6E011C89EB5F00D4D83B /* record_icon_hook_normal@2x.png in Resources */,
				366D6D7A1C89EB4200D4D83B /* resource in Resources */,
				366D6E221C89EB5F00D4D83B /* video_longvideo_btn_pause@2x.png in Resources */,
				366D6DF71C89EB5F00D4D83B /* record_focus_highlighted@2x.png in Resources */,
				366D6E1D1C89EB5F00D4D83B /* video_beautify_silencer_selected.png in Resources */,
				366D6E031C89EB5F00D4D83B /* record_icon_hook_normal_bg@2x.png in Resources */,
				366D6E181C89EB5F00D4D83B /* vedio_nav_btn_back_pre.png in Resources */,
				366D6DF31C89EB5F00D4D83B /* record_flashlight_normal@2x.png in Resources */,
				366D6E171C89EB5F00D4D83B /* vedio_nav_btn_back_nor@3x.png in Resources */,
				366D6E261C89EB5F00D4D83B /* video_play_normal@2x.png in Resources */,
				366D6E121C89EB5F00D4D83B /* submit_ensure@2x.png in Resources */,
				366D6E161C89EB5F00D4D83B /* vedio_nav_btn_back_nor@2x.png in Resources */,
				366D6E001C89EB5F00D4D83B /* record_icon_hook_normal.png in Resources */,
				366D6DF21C89EB5F00D4D83B /* record_flashlight_normal.png in Resources */,
				366D6DEF1C89EB5F00D4D83B /* record_flashlight_disable@2x.png in Resources */,
				366D6E021C89EB5F00D4D83B /* record_icon_hook_normal_bg.png in Resources */,
				366D6E231C89EB5F00D4D83B /* video_longvideo_btn_shoot.png in Resources */,
				366D6E051C89EB5F00D4D83B /* record_lensflip_disable@2x.png in Resources */,
				366D6DFF1C89EB5F00D4D83B /* record_icon_hook_highlighted_bg@2x.png in Resources */,
				366D6E201C89EB5F00D4D83B /* video_icon@2x.png in Resources */,
				366D6E151C89EB5F00D4D83B /* vedio_nav_btn_back_nor.png in Resources */,
				366D6DE81C89EB5F00D4D83B /* record_delete_disable.png in Resources */,
				366D6DE91C89EB5F00D4D83B /* record_delete_disable@2x.png in Resources */,
				366D6DD71C89EB5F00D4D83B /* contact_bg@2x.png in Resources */,
				366D6E081C89EB5F00D4D83B /* record_lensflip_normal.png in Resources */,
				366D6E1C1C89EB5F00D4D83B /* video_beautify_silencer_normal.png in Resources */,
				366D6DF41C89EB5F00D4D83B /* record_focus_disable.png in Resources */,
				366D6DFE1C89EB5F00D4D83B /* record_icon_hook_highlighted_bg.png in Resources */,
				366D6DDE1C89EB5F00D4D83B /* g_tabbar_ic_video_nor@2x.png in Resources */,
				366D6E0D1C89EB5F00D4D83B /* record_tool_disable@2x.png in Resources */,
				366D6DF11C89EB5F00D4D83B /* record_flashlight_highlighted@2x.png in Resources */,
				366D6DE31C89EB5F00D4D83B /* record_close_disable@2x.png in Resources */,
				366D6E1F1C89EB5F00D4D83B /* video_icon.png in Resources */,
				366D6E141C89EB5F00D4D83B /* touch_focus_not@2x.png in Resources */,
				366D6DE01C89EB5F00D4D83B /* local_music_icon.png in Resources */,
				366D6DD51C89EB5F00D4D83B /* btn_photomovie_next_normal@2x.png in Resources */,
				366D6DE21C89EB5F00D4D83B /* record_close_disable.png in Resources */,
				366D6DDA1C89EB5F00D4D83B /* g_btn_videoedit_tab_press@2x.png in Resources */,
				366D6DF01C89EB5F00D4D83B /* record_flashlight_highlighted.png in Resources */,
				366D6E0E1C89EB5F00D4D83B /* record_tool_highlighted.png in Resources */,
				366D6E241C89EB5F00D4D83B /* video_longvideo_btn_shoot@2x.png in Resources */,
				366D6DED1C89EB5F00D4D83B /* record_deletesure_normal@2x.png in Resources */,
				366D6E1B1C89EB5F00D4D83B /* video_beautify_no_theme_filter.png in Resources */,
				366D6E0C1C89EB5F00D4D83B /* record_tool_disable.png in Resources */,
				366D6D3B1C89E85700D4D83B /* LaunchScreen.storyboard in Resources */,
				366D6D381C89E85700D4D83B /* Assets.xcassets in Resources */,
				366D6E321C89F2C500D4D83B /* AAPLPlayerViewController.xib in Resources */,
				366D6E251C89EB5F00D4D83B /* video_play_normal.png in Resources */,
				366D6DE41C89EB5F00D4D83B /* record_close_highlighted.png in Resources */,
				36A757D31C8C7C5A00C3E411 /* SVProgressHUD.bundle in Resources */,
				366D6E1E1C89EB5F00D4D83B /* video_edit_highlight@2x.png in Resources */,
				366D6D361C89E85700D4D83B /* Main.storyboard in Resources */,
				366D6E421C8A00EF00D4D83B /* easy_logo.png in Resources */,
				366D6DD91C89EB5F00D4D83B /* g_btn_videoedit_tab_nor@2x.png in Resources */,
				366D6E061C89EB5F00D4D83B /* record_lensflip_highlighted.png in Resources */,
				366D6DE71C89EB5F00D4D83B /* record_close_normal@2x.png in Resources */,
				366D6E1A1C89EB5F00D4D83B /* video_beautify_local_music.png in Resources */,
				366D6DDB1C89EB5F00D4D83B /* g_tabbar_ic_video_down.png in Resources */,
				366D6E0F1C89EB5F00D4D83B /* record_tool_highlighted@2x.png in Resources */,
				366D6E0A1C89EB5F00D4D83B /* record_progressbar_front.png in Resources */,
				366D6E071C89EB5F00D4D83B /* record_lensflip_highlighted@2x.png in Resources */,
				366D6DEC1C89EB5F00D4D83B /* record_deletesure_normal.png in Resources */,
				366D6DE61C89EB5F00D4D83B /* record_close_normal.png in Resources */,
				366D6DEA1C89EB5F00D4D83B /* record_delete_normal.png in Resources */,
			);
			runOnlyForDeploymentPostprocessing = 0;
		};
/* End PBXResourcesBuildPhase section */

/* Begin PBXSourcesBuildPhase section */
		366D6D241C89E85700D4D83B /* Sources */ = {
			isa = PBXSourcesBuildPhase;
			buildActionMask = 2147483647;
			files = (
				366D6D331C89E85700D4D83B /* ViewController.m in Sources */,
				366D6D301C89E85700D4D83B /* AppDelegate.m in Sources */,
				366D6E351C89F2DF00D4D83B /* AAPLPlayerView.m in Sources */,
				36A757D51C8C7C5A00C3E411 /* SVRadialGradientLayer.m in Sources */,
				36A757D41C8C7C5A00C3E411 /* SVProgressHUD.m in Sources */,
				366D6D2D1C89E85700D4D83B /* main.m in Sources */,
				366D6E311C89F2C500D4D83B /* AAPLPlayerViewController.m in Sources */,
				36A757D21C8C7C5A00C3E411 /* SVIndefiniteAnimatedView.m in Sources */,
			);
			runOnlyForDeploymentPostprocessing = 0;
		};
/* End PBXSourcesBuildPhase section */

/* Begin PBXVariantGroup section */
		366D6D341C89E85700D4D83B /* Main.storyboard */ = {
			isa = PBXVariantGroup;
			children = (
				366D6D351C89E85700D4D83B /* Base */,
			);
			name = Main.storyboard;
			sourceTree = "<group>";
		};
		366D6D391C89E85700D4D83B /* LaunchScreen.storyboard */ = {
			isa = PBXVariantGroup;
			children = (
				366D6D3A1C89E85700D4D83B /* Base */,
			);
			name = LaunchScreen.storyboard;
			sourceTree = "<group>";
		};
/* End PBXVariantGroup section */

/* Begin XCBuildConfiguration section */
		366D6D531C89E85700D4D83B /* Debug */ = {
			isa = XCBuildConfiguration;
			buildSettings = {
				ALWAYS_SEARCH_USER_PATHS = NO;
				CLANG_CXX_LANGUAGE_STANDARD = "gnu++0x";
				CLANG_CXX_LIBRARY = "libc++";
				CLANG_ENABLE_MODULES = YES;
				CLANG_ENABLE_OBJC_ARC = YES;
				CLANG_WARN_BOOL_CONVERSION = YES;
				CLANG_WARN_CONSTANT_CONVERSION = YES;
				CLANG_WARN_DIRECT_OBJC_ISA_USAGE = YES_ERROR;
				CLANG_WARN_EMPTY_BODY = YES;
				CLANG_WARN_ENUM_CONVERSION = YES;
				CLANG_WARN_INT_CONVERSION = YES;
				CLANG_WARN_OBJC_ROOT_CLASS = YES_ERROR;
				CLANG_WARN_UNREACHABLE_CODE = YES;
				CLANG_WARN__DUPLICATE_METHOD_MATCH = YES;
				CODE_SIGN_IDENTITY = "iPhone Developer: Chen Shun (Y62CH6PVF9)";
				COPY_PHASE_STRIP = NO;
				DEBUG_INFORMATION_FORMAT = dwarf;
				ENABLE_STRICT_OBJC_MSGSEND = YES;
				ENABLE_TESTABILITY = YES;
				GCC_C_LANGUAGE_STANDARD = gnu99;
				GCC_DYNAMIC_NO_PIC = NO;
				GCC_NO_COMMON_BLOCKS = YES;
				GCC_OPTIMIZATION_LEVEL = 0;
				GCC_PREPROCESSOR_DEFINITIONS = (
					"DEBUG=1",
					"$(inherited)",
				);
				GCC_WARN_64_TO_32_BIT_CONVERSION = YES;
				GCC_WARN_ABOUT_RETURN_TYPE = YES_ERROR;
				GCC_WARN_UNDECLARED_SELECTOR = YES;
				GCC_WARN_UNINITIALIZED_AUTOS = YES_AGGRESSIVE;
				GCC_WARN_UNUSED_FUNCTION = YES;
				GCC_WARN_UNUSED_VARIABLE = YES;
				IPHONEOS_DEPLOYMENT_TARGET = 8.0;
				MTL_ENABLE_DEBUG_INFO = YES;
				ONLY_ACTIVE_ARCH = YES;
				OTHER_LDFLAGS = "-Objc";
				PROVISIONING_PROFILE = "3f41ac9b-c037-4a6a-a9d9-98b6fe0f8304";
				SDKROOT = iphoneos;
			};
			name = Debug;
		};
		366D6D541C89E85700D4D83B /* Release */ = {
			isa = XCBuildConfiguration;
			buildSettings = {
				ALWAYS_SEARCH_USER_PATHS = NO;
				CLANG_CXX_LANGUAGE_STANDARD = "gnu++0x";
				CLANG_CXX_LIBRARY = "libc++";
				CLANG_ENABLE_MODULES = YES;
				CLANG_ENABLE_OBJC_ARC = YES;
				CLANG_WARN_BOOL_CONVERSION = YES;
				CLANG_WARN_CONSTANT_CONVERSION = YES;
				CLANG_WARN_DIRECT_OBJC_ISA_USAGE = YES_ERROR;
				CLANG_WARN_EMPTY_BODY = YES;
				CLANG_WARN_ENUM_CONVERSION = YES;
				CLANG_WARN_INT_CONVERSION = YES;
				CLANG_WARN_OBJC_ROOT_CLASS = YES_ERROR;
				CLANG_WARN_UNREACHABLE_CODE = YES;
				CLANG_WARN__DUPLICATE_METHOD_MATCH = YES;
				CODE_SIGN_IDENTITY = "iPhone Distribution: Hefei Anfengde Info Tech Ltd (ER6XZB9Y3X)";
				"CODE_SIGN_IDENTITY[sdk=iphoneos*]" = "iPhone Distribution: Hefei Anfengde Info Tech Ltd (ER6XZB9Y3X)";
				COPY_PHASE_STRIP = NO;
				DEBUG_INFORMATION_FORMAT = "dwarf-with-dsym";
				ENABLE_NS_ASSERTIONS = NO;
				ENABLE_STRICT_OBJC_MSGSEND = YES;
				GCC_C_LANGUAGE_STANDARD = gnu99;
				GCC_NO_COMMON_BLOCKS = YES;
				GCC_WARN_64_TO_32_BIT_CONVERSION = YES;
				GCC_WARN_ABOUT_RETURN_TYPE = YES_ERROR;
				GCC_WARN_UNDECLARED_SELECTOR = YES;
				GCC_WARN_UNINITIALIZED_AUTOS = YES_AGGRESSIVE;
				GCC_WARN_UNUSED_FUNCTION = YES;
				GCC_WARN_UNUSED_VARIABLE = YES;
				IPHONEOS_DEPLOYMENT_TARGET = 8.0;
				MTL_ENABLE_DEBUG_INFO = NO;
				OTHER_LDFLAGS = "-Objc";
				PROVISIONING_PROFILE = "e95cc23a-b742-4e66-b158-739f4491a17a";
				SDKROOT = iphoneos;
				VALIDATE_PRODUCT = YES;
			};
			name = Release;
		};
		366D6D561C89E85700D4D83B /* Debug */ = {
			isa = XCBuildConfiguration;
			buildSettings = {
				ASSETCATALOG_COMPILER_APPICON_NAME = AppIcon;
				CODE_SIGN_IDENTITY = "iPhone Developer";
				ENABLE_BITCODE = NO;
				INFOPLIST_FILE = EasyVideoRecorderDemo/Info.plist;
				LD_RUNPATH_SEARCH_PATHS = "$(inherited) @executable_path/Frameworks";
				LIBRARY_SEARCH_PATHS = (
					"$(inherited)",
					../EasyVideoRecorderLib,
				);
				OTHER_LDFLAGS = "-ObjC";
				PRODUCT_BUNDLE_IDENTIFIER = com.easyDarwin.videoRecorder;
				PRODUCT_NAME = EasyVideoRecorder;
				PROVISIONING_PROFILE = "3f41ac9b-c037-4a6a-a9d9-98b6fe0f8304";
			};
			name = Debug;
		};
		366D6D571C89E85700D4D83B /* Release */ = {
			isa = XCBuildConfiguration;
			buildSettings = {
				ASSETCATALOG_COMPILER_APPICON_NAME = AppIcon;
				CODE_SIGN_IDENTITY = "iPhone Distribution: Hefei Anfengde Info Tech Ltd (ER6XZB9Y3X)";
				ENABLE_BITCODE = NO;
				INFOPLIST_FILE = EasyVideoRecorderDemo/Info.plist;
				LD_RUNPATH_SEARCH_PATHS = "$(inherited) @executable_path/Frameworks";
				LIBRARY_SEARCH_PATHS = (
					"$(inherited)",
					../EasyVideoRecorderLib,
				);
				OTHER_LDFLAGS = "-ObjC";
				PRODUCT_BUNDLE_IDENTIFIER = com.easyDarwin.videoRecorder;
				PRODUCT_NAME = EasyVideoRecorder;
				PROVISIONING_PROFILE = "e95cc23a-b742-4e66-b158-739f4491a17a";
			};
			name = Release;
		};
/* End XCBuildConfiguration section */

/* Begin XCConfigurationList section */
		366D6D231C89E85700D4D83B /* Build configuration list for PBXProject "EasyVideoRecorderDemo" */ = {
			isa = XCConfigurationList;
			buildConfigurations = (
				366D6D531C89E85700D4D83B /* Debug */,
				366D6D541C89E85700D4D83B /* Release */,
			);
			defaultConfigurationIsVisible = 0;
			defaultConfigurationName = Release;
		};
		366D6D551C89E85700D4D83B /* Build configuration list for PBXNativeTarget "EasyVideoRecorderDemo" */ = {
			isa = XCConfigurationList;
			buildConfigurations = (
				366D6D561C89E85700D4D83B /* Debug */,
				366D6D571C89E85700D4D83B /* Release */,
			);
			defaultConfigurationIsVisible = 0;
			defaultConfigurationName = Release;
		};
/* End XCConfigurationList section */
	};
	rootObject = 366D6D201C89E85700D4D83B /* Project object */;
}
